
Microsoft Visual Studio Solution File, Format Version 12.00
# Visual Studio Version 17
VisualStudioVersion = 17.2.32630.192
MinimumVisualStudioVersion = 10.0.40219.1
Project("{9A19103F-16F7-4668-BE54-9A1E7A4F7556}") = "TestTestingFramework", "TestTestingFramework\TestTestingFramework.csproj", "{B4EB99C1-BD79-401E-BE6D-29048A33DA4D}"
EndProject
Project("{FAE04EC0-301F-11D3-BF4B-00C04F79EFBC}") = "CoreLibrary", "CoreLibrary\CoreLibrary.csproj", "{41A39F01-CBF3-446B-8EA8-0453E6706834}"
EndProject
Global
	GlobalSection(SolutionConfigurationPlatforms) = preSolution
		Debug|Any CPU = Debug|Any CPU
		Release|Any CPU = Release|Any CPU
	EndGlobalSection
	GlobalSection(ProjectConfigurationPlatforms) = postSolution
		{B4EB99C1-BD79-401E-BE6D-29048A33DA4D}.Debug|Any CPU.ActiveCfg = Debug|Any CPU
		{B4EB99C1-BD79-401E-BE6D-29048A33DA4D}.Debug|Any CPU.Build.0 = Debug|Any CPU
		{B4EB99C1-BD79-401E-BE6D-29048A33DA4D}.Release|Any CPU.ActiveCfg = Release|Any CPU
		{B4EB99C1-BD79-401E-BE6D-29048A33DA4D}.Release|Any CPU.Build.0 = Release|Any CPU
		{41A39F01-CBF3-446B-8EA8-0453E6706834}.Debug|Any CPU.ActiveCfg = Debug|Any CPU
		{41A39F01-CBF3-446B-8EA8-0453E6706834}.Debug|Any CPU.Build.0 = Debug|Any CPU
		{41A39F01-CBF3-446B-8EA8-0453E6706834}.Release|Any CPU.ActiveCfg = Release|Any CPU
		{41A39F01-CBF3-446B-8EA8-0453E6706834}.Release|Any CPU.Build.0 = Release|Any CPU
	EndGlobalSection
	GlobalSection(SolutionProperties) = preSolution
		HideSolutionNode = FALSE
	EndGlobalSection
	GlobalSection(ExtensibilityGlobals) = postSolution
		SolutionGuid = {87D0B841-1794-4316-84D3-F62E1FB2C0E1}
	EndGlobalSection
EndGlobal
